<?xml version="1.0" encoding="utf-8"?>
<Project ToolsVersion="15.0" xmlns="http://schemas.microsoft.com/developer/msbuild/2003">
  <ItemGroup>
    <ClCompile Include="C:\Users\Nima\Downloads\ogl\IKTestImpl\IKTest.cpp">
      <Filter>Source Files</Filter>
    </ClCompile>
    <ClCompile Include="C:\Users\Nima\Downloads\ogl\common\shader.cpp">
      <Filter>common</Filter>
    </ClCompile>
  </ItemGroup>
  <ItemGroup>
    <ClInclude Include="C:\Users\Nima\Downloads\ogl\common\shader.hpp">
      <Filter>common</Filter>
    </ClInclude>
  </ItemGroup>
  <ItemGroup>
    <CustomBuild Include="C:\Users\Nima\Downloads\ogl\CMakeLists.txt" />
  </ItemGroup>
  <ItemGroup>
    <None Include="C:\Users\Nima\Downloads\ogl\IKTestImpl\TransformVertexShader.vertexshader">
      <Filter>shaders</Filter>
    </None>
    <None Include="C:\Users\Nima\Downloads\ogl\IKTestImpl\ColorFragmentShader.fragmentshader">
      <Filter>shaders</Filter>
    </None>
  </ItemGroup>
  <ItemGroup>
    <Filter Include="Source Files">
      <UniqueIdentifier>{22E71C7C-9C2B-3691-AB49-985D3B4B796F}</UniqueIdentifier>
    </Filter>
    <Filter Include="common">
      <UniqueIdentifier>{A0769E4F-06E0-3CF8-AB0E-D8C10604F844}</UniqueIdentifier>
    </Filter>
    <Filter Include="shaders">
      <UniqueIdentifier>{12F24F27-F16A-3D20-9E7D-263CE741FBA1}</UniqueIdentifier>
    </Filter>
  </ItemGroup>
</Project>
